
Microsoft Visual Studio Solution File, Format Version 12.00
# Visual Studio 15
VisualStudioVersion = 15.0.27703.2035
MinimumVisualStudioVersion = 10.0.40219.1
Project("{FAE04EC0-301F-11D3-BF4B-00C04F79EFBC}") = "LTP_BLL", "LTP_BLL\LTP_BLL.csproj", "{7B59C415-0A51-4629-9782-D3295AC430FF}"
EndProject
Project("{FAE04EC0-301F-11D3-BF4B-00C04F79EFBC}") = "LTP_Gfx", "LTP_Gfx\LTP_Gfx.csproj", "{CBA28E02-806A-4666-9A96-3FAF57B7AE94}"
EndProject
Global
	GlobalSection(SolutionConfigurationPlatforms) = preSolution
		Debug|Any CPU = Debug|Any CPU
		Release|Any CPU = Release|Any CPU
	EndGlobalSection
	GlobalSection(ProjectConfigurationPlatforms) = postSolution
		{7B59C415-0A51-4629-9782-D3295AC430FF}.Debug|Any CPU.ActiveCfg = Debug|Any CPU
		{7B59C415-0A51-4629-9782-D3295AC430FF}.Debug|Any CPU.Build.0 = Debug|Any CPU
		{7B59C415-0A51-4629-9782-D3295AC430FF}.Release|Any CPU.ActiveCfg = Release|Any CPU
		{7B59C415-0A51-4629-9782-D3295AC430FF}.Release|Any CPU.Build.0 = Release|Any CPU
		{CBA28E02-806A-4666-9A96-3FAF57B7AE94}.Debug|Any CPU.ActiveCfg = Debug|Any CPU
		{CBA28E02-806A-4666-9A96-3FAF57B7AE94}.Debug|Any CPU.Build.0 = Debug|Any CPU
		{CBA28E02-806A-4666-9A96-3FAF57B7AE94}.Release|Any CPU.ActiveCfg = Release|Any CPU
		{CBA28E02-806A-4666-9A96-3FAF57B7AE94}.Release|Any CPU.Build.0 = Release|Any CPU
	EndGlobalSection
	GlobalSection(SolutionProperties) = preSolution
		HideSolutionNode = FALSE
	EndGlobalSection
	GlobalSection(ExtensibilityGlobals) = postSolution
		SolutionGuid = {94C9FA56-A00A-4D49-9DBD-CE5C47B6A9BC}
	EndGlobalSection
EndGlobal
